
Microsoft Visual Studio Solution File, Format Version 12.00
# Visual Studio Version 16
VisualStudioVersion = 16.0.30320.27
MinimumVisualStudioVersion = 10.0.40219.1
Project("{FAE04EC0-301F-11D3-BF4B-00C04F79EFBC}") = "RECV_Editor", "RECV_Editor\RECV_Editor.csproj", "{90EE0E6E-45E1-42D7-A7A9-8AC0E5CA92C0}"
EndProject
Global
	GlobalSection(SolutionConfigurationPlatforms) = preSolution
		Debug|Any CPU = Debug|Any CPU
		Release|Any CPU = Release|Any CPU
	EndGlobalSection
	GlobalSection(ProjectConfigurationPlatforms) = postSolution
		{90EE0E6E-45E1-42D7-A7A9-8AC0E5CA92C0}.Debug|Any CPU.ActiveCfg = Debug|Any CPU
		{90EE0E6E-45E1-42D7-A7A9-8AC0E5CA92C0}.Debug|Any CPU.Build.0 = Debug|Any CPU
		{90EE0E6E-45E1-42D7-A7A9-8AC0E5CA92C0}.Release|Any CPU.ActiveCfg = Release|Any CPU
		{90EE0E6E-45E1-42D7-A7A9-8AC0E5CA92C0}.Release|Any CPU.Build.0 = Release|Any CPU
	EndGlobalSection
	GlobalSection(SolutionProperties) = preSolution
		HideSolutionNode = FALSE
	EndGlobalSection
	GlobalSection(ExtensibilityGlobals) = postSolution
		SolutionGuid = {032B8FAF-35B3-45FB-9635-BC7C0246F5D9}
	EndGlobalSection
EndGlobal
